
Microsoft Visual Studio Solution File, Format Version 12.00
# Visual Studio Version 17
VisualStudioVersion = 17.1.32414.318
MinimumVisualStudioVersion = 10.0.40219.1
Project("{9A19103F-16F7-4668-BE54-9A1E7A4F7556}") = "SFA.DAS.ProviderFunding.Web", "SFA.DAS.ProviderFunding.Web\SFA.DAS.ProviderFunding.Web.csproj", "{C76FB850-BBB7-4726-8E99-07DF251B9F6B}"
EndProject
Project("{9A19103F-16F7-4668-BE54-9A1E7A4F7556}") = "SFA.DAS.ProviderFunding.Infrastructure", "SFA.DAS.ProviderFunding.Infrastructure\SFA.DAS.ProviderFunding.Infrastructure.csproj", "{69F4F100-AD11-4CE6-8B2F-DDE0D902DCF7}"
EndProject
Project("{FAE04EC0-301F-11D3-BF4B-00C04F79EFBC}") = "SFA.DAS.ProviderFunding.Web.Tests", "SFA.DAS.ProviderFunding.Web.Tests\SFA.DAS.ProviderFunding.Web.Tests.csproj", "{55080E05-7081-4DED-A9A8-7DE0F552B078}"
EndProject
Global
	GlobalSection(SolutionConfigurationPlatforms) = preSolution
		Debug|Any CPU = Debug|Any CPU
		Release|Any CPU = Release|Any CPU
	EndGlobalSection
	GlobalSection(ProjectConfigurationPlatforms) = postSolution
		{C76FB850-BBB7-4726-8E99-07DF251B9F6B}.Debug|Any CPU.ActiveCfg = Debug|Any CPU
		{C76FB850-BBB7-4726-8E99-07DF251B9F6B}.Debug|Any CPU.Build.0 = Debug|Any CPU
		{C76FB850-BBB7-4726-8E99-07DF251B9F6B}.Release|Any CPU.ActiveCfg = Release|Any CPU
		{C76FB850-BBB7-4726-8E99-07DF251B9F6B}.Release|Any CPU.Build.0 = Release|Any CPU
		{69F4F100-AD11-4CE6-8B2F-DDE0D902DCF7}.Debug|Any CPU.ActiveCfg = Debug|Any CPU
		{69F4F100-AD11-4CE6-8B2F-DDE0D902DCF7}.Debug|Any CPU.Build.0 = Debug|Any CPU
		{69F4F100-AD11-4CE6-8B2F-DDE0D902DCF7}.Release|Any CPU.ActiveCfg = Release|Any CPU
		{69F4F100-AD11-4CE6-8B2F-DDE0D902DCF7}.Release|Any CPU.Build.0 = Release|Any CPU
		{55080E05-7081-4DED-A9A8-7DE0F552B078}.Debug|Any CPU.ActiveCfg = Debug|Any CPU
		{55080E05-7081-4DED-A9A8-7DE0F552B078}.Debug|Any CPU.Build.0 = Debug|Any CPU
		{55080E05-7081-4DED-A9A8-7DE0F552B078}.Release|Any CPU.ActiveCfg = Release|Any CPU
		{55080E05-7081-4DED-A9A8-7DE0F552B078}.Release|Any CPU.Build.0 = Release|Any CPU
	EndGlobalSection
	GlobalSection(SolutionProperties) = preSolution
		HideSolutionNode = FALSE
	EndGlobalSection
	GlobalSection(ExtensibilityGlobals) = postSolution
		SolutionGuid = {08F5FC72-46ED-4408-A3F0-E5EC08FA3C16}
	EndGlobalSection
EndGlobal
